
Microsoft Visual Studio Solution File, Format Version 12.00
# Visual Studio Version 16
VisualStudioVersion = 16.0.29920.165
MinimumVisualStudioVersion = 10.0.40219.1
Project("{FAE04EC0-301F-11D3-BF4B-00C04F79EFBC}") = "Project mini Bio", "Project mini Bio\Project mini Bio.csproj", "{C378F684-0874-4E88-B4BC-6FB6087C0112}"
EndProject
Global
	GlobalSection(SolutionConfigurationPlatforms) = preSolution
		Debug|Any CPU = Debug|Any CPU
		Release|Any CPU = Release|Any CPU
	EndGlobalSection
	GlobalSection(ProjectConfigurationPlatforms) = postSolution
		{C378F684-0874-4E88-B4BC-6FB6087C0112}.Debug|Any CPU.ActiveCfg = Debug|Any CPU
		{C378F684-0874-4E88-B4BC-6FB6087C0112}.Debug|Any CPU.Build.0 = Debug|Any CPU
		{C378F684-0874-4E88-B4BC-6FB6087C0112}.Release|Any CPU.ActiveCfg = Release|Any CPU
		{C378F684-0874-4E88-B4BC-6FB6087C0112}.Release|Any CPU.Build.0 = Release|Any CPU
	EndGlobalSection
	GlobalSection(SolutionProperties) = preSolution
		HideSolutionNode = FALSE
	EndGlobalSection
	GlobalSection(ExtensibilityGlobals) = postSolution
		SolutionGuid = {CB017FBC-598A-4A19-91AC-5E33584CCE08}
	EndGlobalSection
EndGlobal
